{
  "name": "pygame-midi",
  "lockfileVersion": 2,
  "requires": true,
  "packages": {
    "": {
      "dependencies": {
        "@types/node": "^16.9.0"
      }
    },
    "node_modules/@types/node": {
      "version": "16.9.0",
      "resolved": "https://registry.npmjs.org/@types/node/-/node-16.9.0.tgz",
      "integrity": "sha512-nmP+VR4oT0pJUPFbKE4SXj3Yb4Q/kz3M9dSAO1GGMebRKWHQxLfDNmU/yh3xxCJha3N60nQ/JwXWwOE/ZSEVag=="
    }
  },
  "dependencies": {
    "@types/node": {
      "version": "16.9.0",
      "resolved": "https://registry.npmjs.org/@types/node/-/node-16.9.0.tgz",
      "integrity": "sha512-nmP+VR4oT0pJUPFbKE4SXj3Yb4Q/kz3M9dSAO1GGMebRKWHQxLfDNmU/yh3xxCJha3N60nQ/JwXWwOE/ZSEVag=="
    }
  }
}
